
Microsoft Visual Studio Solution File, Format Version 12.00
# Visual Studio 2013
VisualStudioVersion = 12.0.31101.0
MinimumVisualStudioVersion = 10.0.40219.1
Project("{FAE04EC0-301F-11D3-BF4B-00C04F79EFBC}") = "01.SquareRoot", "01.SquareRoot\01.SquareRoot.csproj", "{2FFD4BBA-700D-447E-A89B-CCDC858F86B9}"
EndProject
Project("{FAE04EC0-301F-11D3-BF4B-00C04F79EFBC}") = "02.EnterNumbers", "02.EnterNumbers\02.EnterNumbers.csproj", "{90C3FFA9-D2BF-4B3E-BA7A-9D6C9780B7D7}"
EndProject
Project("{FAE04EC0-301F-11D3-BF4B-00C04F79EFBC}") = "03.ReadFileContents", "03.ReadFileContents\03.ReadFileContents.csproj", "{4609C3C6-5077-41B5-B50E-40859D213ABC}"
EndProject
Project("{FAE04EC0-301F-11D3-BF4B-00C04F79EFBC}") = "04.DownloadFile", "04.DownloadFile\04.DownloadFile.csproj", "{315A9008-2FBF-4364-8066-0CE17E3A2AA5}"
EndProject
Global
	GlobalSection(SolutionConfigurationPlatforms) = preSolution
		Debug|Any CPU = Debug|Any CPU
		Release|Any CPU = Release|Any CPU
	EndGlobalSection
	GlobalSection(ProjectConfigurationPlatforms) = postSolution
		{2FFD4BBA-700D-447E-A89B-CCDC858F86B9}.Debug|Any CPU.ActiveCfg = Debug|Any CPU
		{2FFD4BBA-700D-447E-A89B-CCDC858F86B9}.Debug|Any CPU.Build.0 = Debug|Any CPU
		{2FFD4BBA-700D-447E-A89B-CCDC858F86B9}.Release|Any CPU.ActiveCfg = Release|Any CPU
		{2FFD4BBA-700D-447E-A89B-CCDC858F86B9}.Release|Any CPU.Build.0 = Release|Any CPU
		{90C3FFA9-D2BF-4B3E-BA7A-9D6C9780B7D7}.Debug|Any CPU.ActiveCfg = Debug|Any CPU
		{90C3FFA9-D2BF-4B3E-BA7A-9D6C9780B7D7}.Debug|Any CPU.Build.0 = Debug|Any CPU
		{90C3FFA9-D2BF-4B3E-BA7A-9D6C9780B7D7}.Release|Any CPU.ActiveCfg = Release|Any CPU
		{90C3FFA9-D2BF-4B3E-BA7A-9D6C9780B7D7}.Release|Any CPU.Build.0 = Release|Any CPU
		{4609C3C6-5077-41B5-B50E-40859D213ABC}.Debug|Any CPU.ActiveCfg = Debug|Any CPU
		{4609C3C6-5077-41B5-B50E-40859D213ABC}.Debug|Any CPU.Build.0 = Debug|Any CPU
		{4609C3C6-5077-41B5-B50E-40859D213ABC}.Release|Any CPU.ActiveCfg = Release|Any CPU
		{4609C3C6-5077-41B5-B50E-40859D213ABC}.Release|Any CPU.Build.0 = Release|Any CPU
		{315A9008-2FBF-4364-8066-0CE17E3A2AA5}.Debug|Any CPU.ActiveCfg = Debug|Any CPU
		{315A9008-2FBF-4364-8066-0CE17E3A2AA5}.Debug|Any CPU.Build.0 = Debug|Any CPU
		{315A9008-2FBF-4364-8066-0CE17E3A2AA5}.Release|Any CPU.ActiveCfg = Release|Any CPU
		{315A9008-2FBF-4364-8066-0CE17E3A2AA5}.Release|Any CPU.Build.0 = Release|Any CPU
	EndGlobalSection
	GlobalSection(SolutionProperties) = preSolution
		HideSolutionNode = FALSE
	EndGlobalSection
EndGlobal
